
Microsoft Visual Studio Solution File, Format Version 12.00
# Visual Studio 15
VisualStudioVersion = 15.0.27703.2042
MinimumVisualStudioVersion = 10.0.40219.1
Project("{FAE04EC0-301F-11D3-BF4B-00C04F79EFBC}") = "Snake", "Snake\Snake.csproj", "{CFC6FFD2-2D44-48DF-AE58-8BE93582C80F}"
EndProject
Global
	GlobalSection(SolutionConfigurationPlatforms) = preSolution
		Debug|Any CPU = Debug|Any CPU
		Release|Any CPU = Release|Any CPU
	EndGlobalSection
	GlobalSection(ProjectConfigurationPlatforms) = postSolution
		{CFC6FFD2-2D44-48DF-AE58-8BE93582C80F}.Debug|Any CPU.ActiveCfg = Debug|Any CPU
		{CFC6FFD2-2D44-48DF-AE58-8BE93582C80F}.Debug|Any CPU.Build.0 = Debug|Any CPU
		{CFC6FFD2-2D44-48DF-AE58-8BE93582C80F}.Release|Any CPU.ActiveCfg = Release|Any CPU
		{CFC6FFD2-2D44-48DF-AE58-8BE93582C80F}.Release|Any CPU.Build.0 = Release|Any CPU
	EndGlobalSection
	GlobalSection(SolutionProperties) = preSolution
		HideSolutionNode = FALSE
	EndGlobalSection
	GlobalSection(ExtensibilityGlobals) = postSolution
		SolutionGuid = {7AB0580D-B838-498B-9B78-076F2B7326BC}
	EndGlobalSection
EndGlobal
